
Microsoft Visual Studio Solution File, Format Version 12.00
# Visual Studio Version 17
VisualStudioVersion = 17.11.35327.3
MinimumVisualStudioVersion = 10.0.40219.1
Project("{9A19103F-16F7-4668-BE54-9A1E7A4F7556}") = "Simulator", "Simulator\Simulator.csproj", "{A2D12AAA-D8A5-471B-BD6F-F0CE3D5963C7}"
EndProject
Project("{9A19103F-16F7-4668-BE54-9A1E7A4F7556}") = "Runner", "Runner\Runner.csproj", "{DB41C4A2-3152-4AE1-AD9F-6CB6328F9899}"
EndProject
Project("{9A19103F-16F7-4668-BE54-9A1E7A4F7556}") = "TestSimulator", "TestSimulator\TestSimulator.csproj", "{75E7D0E2-96AE-4F83-9A81-F5B6A9483B21}"
EndProject
Project("{9A19103F-16F7-4668-BE54-9A1E7A4F7556}") = "SimConsole", "SimConsole\SimConsole.csproj", "{A72971AA-424F-4A42-90E3-3E9D2579166F}"
EndProject
Project("{FAE04EC0-301F-11D3-BF4B-00C04F79EFBC}") = "SimWeb", "SimWeb\SimWeb.csproj", "{00CA28A2-930B-4808-99A4-708287F69C11}"
EndProject
Global
	GlobalSection(SolutionConfigurationPlatforms) = preSolution
		Debug|Any CPU = Debug|Any CPU
		Release|Any CPU = Release|Any CPU
	EndGlobalSection
	GlobalSection(ProjectConfigurationPlatforms) = postSolution
		{A2D12AAA-D8A5-471B-BD6F-F0CE3D5963C7}.Debug|Any CPU.ActiveCfg = Debug|Any CPU
		{A2D12AAA-D8A5-471B-BD6F-F0CE3D5963C7}.Debug|Any CPU.Build.0 = Debug|Any CPU
		{A2D12AAA-D8A5-471B-BD6F-F0CE3D5963C7}.Release|Any CPU.ActiveCfg = Release|Any CPU
		{A2D12AAA-D8A5-471B-BD6F-F0CE3D5963C7}.Release|Any CPU.Build.0 = Release|Any CPU
		{DB41C4A2-3152-4AE1-AD9F-6CB6328F9899}.Debug|Any CPU.ActiveCfg = Debug|Any CPU
		{DB41C4A2-3152-4AE1-AD9F-6CB6328F9899}.Debug|Any CPU.Build.0 = Debug|Any CPU
		{DB41C4A2-3152-4AE1-AD9F-6CB6328F9899}.Release|Any CPU.ActiveCfg = Release|Any CPU
		{DB41C4A2-3152-4AE1-AD9F-6CB6328F9899}.Release|Any CPU.Build.0 = Release|Any CPU
		{75E7D0E2-96AE-4F83-9A81-F5B6A9483B21}.Debug|Any CPU.ActiveCfg = Debug|Any CPU
		{75E7D0E2-96AE-4F83-9A81-F5B6A9483B21}.Debug|Any CPU.Build.0 = Debug|Any CPU
		{75E7D0E2-96AE-4F83-9A81-F5B6A9483B21}.Release|Any CPU.ActiveCfg = Release|Any CPU
		{75E7D0E2-96AE-4F83-9A81-F5B6A9483B21}.Release|Any CPU.Build.0 = Release|Any CPU
		{A72971AA-424F-4A42-90E3-3E9D2579166F}.Debug|Any CPU.ActiveCfg = Debug|Any CPU
		{A72971AA-424F-4A42-90E3-3E9D2579166F}.Debug|Any CPU.Build.0 = Debug|Any CPU
		{A72971AA-424F-4A42-90E3-3E9D2579166F}.Release|Any CPU.ActiveCfg = Release|Any CPU
		{A72971AA-424F-4A42-90E3-3E9D2579166F}.Release|Any CPU.Build.0 = Release|Any CPU
		{00CA28A2-930B-4808-99A4-708287F69C11}.Debug|Any CPU.ActiveCfg = Debug|Any CPU
		{00CA28A2-930B-4808-99A4-708287F69C11}.Debug|Any CPU.Build.0 = Debug|Any CPU
		{00CA28A2-930B-4808-99A4-708287F69C11}.Release|Any CPU.ActiveCfg = Release|Any CPU
		{00CA28A2-930B-4808-99A4-708287F69C11}.Release|Any CPU.Build.0 = Release|Any CPU
	EndGlobalSection
	GlobalSection(SolutionProperties) = preSolution
		HideSolutionNode = FALSE
	EndGlobalSection
	GlobalSection(ExtensibilityGlobals) = postSolution
		SolutionGuid = {CDD10F7A-5893-4BC1-902C-0F4702C039E5}
	EndGlobalSection
EndGlobal
